// !$*UTF8*$!
{
	archiveVersion = 1;
	classes = {
	};
	objectVersion = 77;
	objects = {

/* Begin PBXBuildFile section */
		186442502CC3FDCA00C0CDB5 /* README.md in Resources */ = {isa = PBXBuildFile; fileRef = 1864424F2CC3FDC900C0CDB5 /* README.md */; };
		186442522CC401CD00C0CDB5 /* LICENSE in Resources */ = {isa = PBXBuildFile; fileRef = 186442512CC401CD00C0CDB5 /* LICENSE */; };
/* End PBXBuildFile section */

/* Begin PBXContainerItemProxy section */
		180D5E502CE072E900845202 /* PBXContainerItemProxy */ = {
			isa = PBXContainerItemProxy;
			containerPortal = 186442092CC3E6AC00C0CDB5 /* Project object */;
			proxyType = 1;
			remoteGlobalIDString = 186442152CC3E6AE00C0CDB5;
			remoteInfo = "AntiqueMaster iOS";
		};
		180D5E5D2CE072FB00845202 /* PBXContainerItemProxy */ = {
			isa = PBXContainerItemProxy;
			containerPortal = 186442092CC3E6AC00C0CDB5 /* Project object */;
			proxyType = 1;
			remoteGlobalIDString = 186442152CC3E6AE00C0CDB5;
			remoteInfo = "AntiqueMaster iOS";
		};
		1830EA162CE02FF600B176E3 /* PBXContainerItemProxy */ = {
			isa = PBXContainerItemProxy;
			containerPortal = 186442092CC3E6AC00C0CDB5 /* Project object */;
			proxyType = 1;
			remoteGlobalIDString = 186442152CC3E6AE00C0CDB5;
			remoteInfo = "AntiqueMaster iOS";
		};
/* End PBXContainerItemProxy section */

/* Begin PBXFileReference section */
		180D5E4A2CE072E900845202 /* UITest.xctest */ = {isa = PBXFileReference; explicitFileType = wrapper.cfbundle; includeInIndex = 0; path = UITest.xctest; sourceTree = BUILT_PRODUCTS_DIR; };
		180D5E592CE072FA00845202 /* UnitTest.xctest */ = {isa = PBXFileReference; explicitFileType = wrapper.cfbundle; includeInIndex = 0; path = UnitTest.xctest; sourceTree = BUILT_PRODUCTS_DIR; };
		1830EA122CE02FF600B176E3 /* AntiqueMasterTests.xctest */ = {isa = PBXFileReference; explicitFileType = wrapper.cfbundle; includeInIndex = 0; path = AntiqueMasterTests.xctest; sourceTree = BUILT_PRODUCTS_DIR; };
		186442162CC3E6AE00C0CDB5 /* AntiqueMaster.app */ = {isa = PBXFileReference; explicitFileType = wrapper.application; includeInIndex = 0; path = AntiqueMaster.app; sourceTree = BUILT_PRODUCTS_DIR; };
		1864424F2CC3FDC900C0CDB5 /* README.md */ = {isa = PBXFileReference; lastKnownFileType = net.daringfireball.markdown; path = README.md; sourceTree = "<group>"; };
		186442512CC401CD00C0CDB5 /* LICENSE */ = {isa = PBXFileReference; lastKnownFileType = text; path = LICENSE; sourceTree = "<group>"; };
/* End PBXFileReference section */

/* Begin PBXFileSystemSynchronizedRootGroup section */
		180D5E4B2CE072E900845202 /* UITest */ = {
			isa = PBXFileSystemSynchronizedRootGroup;
			path = UITest;
			sourceTree = "<group>";
		};
		180D5E5A2CE072FA00845202 /* UnitTest */ = {
			isa = PBXFileSystemSynchronizedRootGroup;
			path = UnitTest;
			sourceTree = "<group>";
		};
		1830EA1F2CE0327700B176E3 /* AntiqueMasterTests */ = {
			isa = PBXFileSystemSynchronizedRootGroup;
			path = AntiqueMasterTests;
			sourceTree = "<group>";
		};
		1864420D2CC3E6AC00C0CDB5 /* AntiqueMaster Shared */ = {
			isa = PBXFileSystemSynchronizedRootGroup;
			path = "AntiqueMaster Shared";
			sourceTree = "<group>";
		};
		186442182CC3E6AE00C0CDB5 /* AntiqueMaster iOS */ = {
			isa = PBXFileSystemSynchronizedRootGroup;
			path = "AntiqueMaster iOS";
			sourceTree = "<group>";
		};
/* End PBXFileSystemSynchronizedRootGroup section */

/* Begin PBXFrameworksBuildPhase section */
		180D5E472CE072E900845202 /* Frameworks */ = {
			isa = PBXFrameworksBuildPhase;
			buildActionMask = 2147483647;
			files = (
			);
			runOnlyForDeploymentPostprocessing = 0;
		};
		180D5E562CE072FA00845202 /* Frameworks */ = {
			isa = PBXFrameworksBuildPhase;
			buildActionMask = 2147483647;
			files = (
			);
			runOnlyForDeploymentPostprocessing = 0;
		};
		1830EA0F2CE02FF600B176E3 /* Frameworks */ = {
			isa = PBXFrameworksBuildPhase;
			buildActionMask = 2147483647;
			files = (
			);
			runOnlyForDeploymentPostprocessing = 0;
		};
		186442132CC3E6AE00C0CDB5 /* Frameworks */ = {
			isa = PBXFrameworksBuildPhase;
			buildActionMask = 2147483647;
			files = (
			);
			runOnlyForDeploymentPostprocessing = 0;
		};
/* End PBXFrameworksBuildPhase section */

/* Begin PBXGroup section */
		186442082CC3E6AC00C0CDB5 = {
			isa = PBXGroup;
			children = (
				1830EA1F2CE0327700B176E3 /* AntiqueMasterTests */,
				186442182CC3E6AE00C0CDB5 /* AntiqueMaster iOS */,
				1864420D2CC3E6AC00C0CDB5 /* AntiqueMaster Shared */,
				186442512CC401CD00C0CDB5 /* LICENSE */,
				180D5E4B2CE072E900845202 /* UITest */,
				180D5E5A2CE072FA00845202 /* UnitTest */,
				186442172CC3E6AE00C0CDB5 /* Products */,
				1864424F2CC3FDC900C0CDB5 /* README.md */,
				18E93CA82CD7D843005723C7 /* Frameworks */,
			);
			sourceTree = "<group>";
		};
		186442172CC3E6AE00C0CDB5 /* Products */ = {
			isa = PBXGroup;
			children = (
				186442162CC3E6AE00C0CDB5 /* AntiqueMaster.app */,
				1830EA122CE02FF600B176E3 /* AntiqueMasterTests.xctest */,
				180D5E4A2CE072E900845202 /* UITest.xctest */,
				180D5E592CE072FA00845202 /* UnitTest.xctest */,
			);
			name = Products;
			sourceTree = "<group>";
		};
		18E93CA82CD7D843005723C7 /* Frameworks */ = {
			isa = PBXGroup;
			children = (
			);
			name = Frameworks;
			sourceTree = "<group>";
		};
/* End PBXGroup section */

/* Begin PBXNativeTarget section */
		180D5E492CE072E900845202 /* UITest */ = {
			isa = PBXNativeTarget;
			buildConfigurationList = 180D5E522CE072E900845202 /* Build configuration list for PBXNativeTarget "UITest" */;
			buildPhases = (
				180D5E462CE072E900845202 /* Sources */,
				180D5E472CE072E900845202 /* Frameworks */,
				180D5E482CE072E900845202 /* Resources */,
			);
			buildRules = (
			);
			dependencies = (
				180D5E512CE072E900845202 /* PBXTargetDependency */,
			);
			fileSystemSynchronizedGroups = (
				180D5E4B2CE072E900845202 /* UITest */,
			);
			name = UITest;
			packageProductDependencies = (
			);
			productName = UITest;
			productReference = 180D5E4A2CE072E900845202 /* UITest.xctest */;
			productType = "com.apple.product-type.bundle.ui-testing";
		};
		180D5E582CE072FA00845202 /* UnitTest */ = {
			isa = PBXNativeTarget;
			buildConfigurationList = 180D5E5F2CE072FB00845202 /* Build configuration list for PBXNativeTarget "UnitTest" */;
			buildPhases = (
				180D5E552CE072FA00845202 /* Sources */,
				180D5E562CE072FA00845202 /* Frameworks */,
				180D5E572CE072FA00845202 /* Resources */,
			);
			buildRules = (
			);
			dependencies = (
				180D5E5E2CE072FB00845202 /* PBXTargetDependency */,
			);
			fileSystemSynchronizedGroups = (
				180D5E5A2CE072FA00845202 /* UnitTest */,
			);
			name = UnitTest;
			packageProductDependencies = (
			);
			productName = UnitTest;
			productReference = 180D5E592CE072FA00845202 /* UnitTest.xctest */;
			productType = "com.apple.product-type.bundle.unit-test";
		};
		1830EA112CE02FF600B176E3 /* AntiqueMasterTests */ = {
			isa = PBXNativeTarget;
			buildConfigurationList = 1830EA182CE02FF600B176E3 /* Build configuration list for PBXNativeTarget "AntiqueMasterTests" */;
			buildPhases = (
				1830EA0E2CE02FF600B176E3 /* Sources */,
				1830EA0F2CE02FF600B176E3 /* Frameworks */,
				1830EA102CE02FF600B176E3 /* Resources */,
			);
			buildRules = (
			);
			dependencies = (
				1830EA172CE02FF600B176E3 /* PBXTargetDependency */,
			);
			fileSystemSynchronizedGroups = (
				1830EA1F2CE0327700B176E3 /* AntiqueMasterTests */,
				1864420D2CC3E6AC00C0CDB5 /* AntiqueMaster Shared */,
			);
			name = AntiqueMasterTests;
			packageProductDependencies = (
			);
			productName = AntiqueMasterTests;
			productReference = 1830EA122CE02FF600B176E3 /* AntiqueMasterTests.xctest */;
			productType = "com.apple.product-type.bundle.unit-test";
		};
		186442152CC3E6AE00C0CDB5 /* AntiqueMaster iOS */ = {
			isa = PBXNativeTarget;
			buildConfigurationList = 1864423A2CC3E6AE00C0CDB5 /* Build configuration list for PBXNativeTarget "AntiqueMaster iOS" */;
			buildPhases = (
				186442122CC3E6AE00C0CDB5 /* Sources */,
				186442132CC3E6AE00C0CDB5 /* Frameworks */,
				186442142CC3E6AE00C0CDB5 /* Resources */,
			);
			buildRules = (
			);
			dependencies = (
			);
			fileSystemSynchronizedGroups = (
				1864420D2CC3E6AC00C0CDB5 /* AntiqueMaster Shared */,
				186442182CC3E6AE00C0CDB5 /* AntiqueMaster iOS */,
			);
			name = "AntiqueMaster iOS";
			packageProductDependencies = (
			);
			productName = "AntiqueMaster iOS";
			productReference = 186442162CC3E6AE00C0CDB5 /* AntiqueMaster.app */;
			productType = "com.apple.product-type.application";
		};
/* End PBXNativeTarget section */

/* Begin PBXProject section */
		186442092CC3E6AC00C0CDB5 /* Project object */ = {
			isa = PBXProject;
			attributes = {
				BuildIndependentTargetsInParallel = 1;
				LastSwiftUpdateCheck = 1610;
				LastUpgradeCheck = 1610;
				TargetAttributes = {
					180D5E492CE072E900845202 = {
						CreatedOnToolsVersion = 16.1;
						TestTargetID = 186442152CC3E6AE00C0CDB5;
					};
					180D5E582CE072FA00845202 = {
						CreatedOnToolsVersion = 16.1;
						TestTargetID = 186442152CC3E6AE00C0CDB5;
					};
					1830EA112CE02FF600B176E3 = {
						CreatedOnToolsVersion = 16.1;
						LastSwiftMigration = 1610;
						TestTargetID = 186442152CC3E6AE00C0CDB5;
					};
					186442152CC3E6AE00C0CDB5 = {
						CreatedOnToolsVersion = 16.0;
					};
				};
			};
			buildConfigurationList = 1864420C2CC3E6AC00C0CDB5 /* Build configuration list for PBXProject "AntiqueMaster" */;
			developmentRegion = en;
			hasScannedForEncodings = 0;
			knownRegions = (
				en,
				Base,
			);
			mainGroup = 186442082CC3E6AC00C0CDB5;
			minimizedProjectReferenceProxies = 1;
			preferredProjectObjectVersion = 77;
			productRefGroup = 186442172CC3E6AE00C0CDB5 /* Products */;
			projectDirPath = "";
			projectRoot = "";
			targets = (
				186442152CC3E6AE00C0CDB5 /* AntiqueMaster iOS */,
				1830EA112CE02FF600B176E3 /* AntiqueMasterTests */,
				180D5E492CE072E900845202 /* UITest */,
				180D5E582CE072FA00845202 /* UnitTest */,
			);
		};
/* End PBXProject section */

/* Begin PBXResourcesBuildPhase section */
		180D5E482CE072E900845202 /* Resources */ = {
			isa = PBXResourcesBuildPhase;
			buildActionMask = 2147483647;
			files = (
			);
			runOnlyForDeploymentPostprocessing = 0;
		};
		180D5E572CE072FA00845202 /* Resources */ = {
			isa = PBXResourcesBuildPhase;
			buildActionMask = 2147483647;
			files = (
			);
			runOnlyForDeploymentPostprocessing = 0;
		};
		1830EA102CE02FF600B176E3 /* Resources */ = {
			isa = PBXResourcesBuildPhase;
			buildActionMask = 2147483647;
			files = (
			);
			runOnlyForDeploymentPostprocessing = 0;
		};
		186442142CC3E6AE00C0CDB5 /* Resources */ = {
			isa = PBXResourcesBuildPhase;
			buildActionMask = 2147483647;
			files = (
				186442502CC3FDCA00C0CDB5 /* README.md in Resources */,
				186442522CC401CD00C0CDB5 /* LICENSE in Resources */,
			);
			runOnlyForDeploymentPostprocessing = 0;
		};
/* End PBXResourcesBuildPhase section */

/* Begin PBXSourcesBuildPhase section */
		180D5E462CE072E900845202 /* Sources */ = {
			isa = PBXSourcesBuildPhase;
			buildActionMask = 2147483647;
			files = (
			);
			runOnlyForDeploymentPostprocessing = 0;
		};
		180D5E552CE072FA00845202 /* Sources */ = {
			isa = PBXSourcesBuildPhase;
			buildActionMask = 2147483647;
			files = (
			);
			runOnlyForDeploymentPostprocessing = 0;
		};
		1830EA0E2CE02FF600B176E3 /* Sources */ = {
			isa = PBXSourcesBuildPhase;
			buildActionMask = 2147483647;
			files = (
			);
			runOnlyForDeploymentPostprocessing = 0;
		};
		186442122CC3E6AE00C0CDB5 /* Sources */ = {
			isa = PBXSourcesBuildPhase;
			buildActionMask = 2147483647;
			files = (
			);
			runOnlyForDeploymentPostprocessing = 0;
		};
/* End PBXSourcesBuildPhase section */

/* Begin PBXTargetDependency section */
		180D5E512CE072E900845202 /* PBXTargetDependency */ = {
			isa = PBXTargetDependency;
			target = 186442152CC3E6AE00C0CDB5 /* AntiqueMaster iOS */;
			targetProxy = 180D5E502CE072E900845202 /* PBXContainerItemProxy */;
		};
		180D5E5E2CE072FB00845202 /* PBXTargetDependency */ = {
			isa = PBXTargetDependency;
			target = 186442152CC3E6AE00C0CDB5 /* AntiqueMaster iOS */;
			targetProxy = 180D5E5D2CE072FB00845202 /* PBXContainerItemProxy */;
		};
		1830EA172CE02FF600B176E3 /* PBXTargetDependency */ = {
			isa = PBXTargetDependency;
			target = 186442152CC3E6AE00C0CDB5 /* AntiqueMaster iOS */;
			targetProxy = 1830EA162CE02FF600B176E3 /* PBXContainerItemProxy */;
		};
/* End PBXTargetDependency section */

/* Begin XCBuildConfiguration section */
		180D5E532CE072E900845202 /* Debug */ = {
			isa = XCBuildConfiguration;
			buildSettings = {
				CODE_SIGN_STYLE = Automatic;
				CURRENT_PROJECT_VERSION = 1;
				DEVELOPMENT_TEAM = TS7638N9FK;
				GENERATE_INFOPLIST_FILE = YES;
				IPHONEOS_DEPLOYMENT_TARGET = 18.1;
				MARKETING_VERSION = 1.0;
				PRODUCT_BUNDLE_IDENTIFIER = com.hurricanesoft.UITest;
				PRODUCT_NAME = "$(TARGET_NAME)";
				SDKROOT = iphoneos;
				SWIFT_EMIT_LOC_STRINGS = NO;
				SWIFT_VERSION = 5.0;
				TARGETED_DEVICE_FAMILY = "1,2";
				TEST_TARGET_NAME = "AntiqueMaster iOS";
			};
			name = Debug;
		};
		180D5E542CE072E900845202 /* Release */ = {
			isa = XCBuildConfiguration;
			buildSettings = {
				CODE_SIGN_STYLE = Automatic;
				CURRENT_PROJECT_VERSION = 1;
				DEVELOPMENT_TEAM = TS7638N9FK;
				GENERATE_INFOPLIST_FILE = YES;
				IPHONEOS_DEPLOYMENT_TARGET = 18.1;
				MARKETING_VERSION = 1.0;
				PRODUCT_BUNDLE_IDENTIFIER = com.hurricanesoft.UITest;
				PRODUCT_NAME = "$(TARGET_NAME)";
				SDKROOT = iphoneos;
				SWIFT_EMIT_LOC_STRINGS = NO;
				SWIFT_VERSION = 5.0;
				TARGETED_DEVICE_FAMILY = "1,2";
				TEST_TARGET_NAME = "AntiqueMaster iOS";
				VALIDATE_PRODUCT = YES;
			};
			name = Release;
		};
		180D5E602CE072FB00845202 /* Debug */ = {
			isa = XCBuildConfiguration;
			buildSettings = {
				BUNDLE_LOADER = "$(TEST_HOST)";
				CODE_SIGN_STYLE = Automatic;
				CURRENT_PROJECT_VERSION = 1;
				DEVELOPMENT_TEAM = TS7638N9FK;
				GENERATE_INFOPLIST_FILE = YES;
				IPHONEOS_DEPLOYMENT_TARGET = 18.1;
				MARKETING_VERSION = 1.0;
				PRODUCT_BUNDLE_IDENTIFIER = com.hurricanesoft.UnitTest;
				PRODUCT_NAME = "$(TARGET_NAME)";
				SDKROOT = iphoneos;
				SWIFT_EMIT_LOC_STRINGS = NO;
				SWIFT_VERSION = 5.0;
				TARGETED_DEVICE_FAMILY = "1,2";
				TEST_HOST = "$(BUILT_PRODUCTS_DIR)/AntiqueMaster.app/$(BUNDLE_EXECUTABLE_FOLDER_PATH)/AntiqueMaster";
			};
			name = Debug;
		};
		180D5E612CE072FB00845202 /* Release */ = {
			isa = XCBuildConfiguration;
			buildSettings = {
				BUNDLE_LOADER = "$(TEST_HOST)";
				CODE_SIGN_STYLE = Automatic;
				CURRENT_PROJECT_VERSION = 1;
				DEVELOPMENT_TEAM = TS7638N9FK;
				GENERATE_INFOPLIST_FILE = YES;
				IPHONEOS_DEPLOYMENT_TARGET = 18.1;
				MARKETING_VERSION = 1.0;
				PRODUCT_BUNDLE_IDENTIFIER = com.hurricanesoft.UnitTest;
				PRODUCT_NAME = "$(TARGET_NAME)";
				SDKROOT = iphoneos;
				SWIFT_EMIT_LOC_STRINGS = NO;
				SWIFT_VERSION = 5.0;
				TARGETED_DEVICE_FAMILY = "1,2";
				TEST_HOST = "$(BUILT_PRODUCTS_DIR)/AntiqueMaster.app/$(BUNDLE_EXECUTABLE_FOLDER_PATH)/AntiqueMaster";
				VALIDATE_PRODUCT = YES;
			};
			name = Release;
		};
		1830EA192CE02FF600B176E3 /* Debug */ = {
			isa = XCBuildConfiguration;
			buildSettings = {
				BUNDLE_LOADER = "$(TEST_HOST)";
				CLANG_ENABLE_MODULES = YES;
				CODE_SIGN_STYLE = Automatic;
				CURRENT_PROJECT_VERSION = 1;
				DEVELOPMENT_TEAM = TS7638N9FK;
				GENERATE_INFOPLIST_FILE = YES;
				IPHONEOS_DEPLOYMENT_TARGET = 16.6;
				MARKETING_VERSION = 1.0;
				PRODUCT_BUNDLE_IDENTIFIER = com.hurricanesoft.AntiqueMasterTests;
				PRODUCT_NAME = "$(TARGET_NAME)";
				SDKROOT = iphoneos;
				SWIFT_EMIT_LOC_STRINGS = NO;
				SWIFT_OBJC_BRIDGING_HEADER = "AntiqueMasterTests/AntiqueMasterTests-Bridging-Header.h";
				SWIFT_OPTIMIZATION_LEVEL = "-Onone";
				SWIFT_VERSION = 5.0;
				TARGETED_DEVICE_FAMILY = "1,2";
				TEST_HOST = "$(BUILT_PRODUCTS_DIR)/AntiqueMaster.app/$(BUNDLE_EXECUTABLE_FOLDER_PATH)/AntiqueMaster";
			};
			name = Debug;
		};
		1830EA1A2CE02FF600B176E3 /* Release */ = {
			isa = XCBuildConfiguration;
			buildSettings = {
				BUNDLE_LOADER = "$(TEST_HOST)";
				CLANG_ENABLE_MODULES = YES;
				CODE_SIGN_STYLE = Automatic;
				CURRENT_PROJECT_VERSION = 1;
				DEVELOPMENT_TEAM = TS7638N9FK;
				GENERATE_INFOPLIST_FILE = YES;
				IPHONEOS_DEPLOYMENT_TARGET = 16.6;
				MARKETING_VERSION = 1.0;
				PRODUCT_BUNDLE_IDENTIFIER = com.hurricanesoft.AntiqueMasterTests;
				PRODUCT_NAME = "$(TARGET_NAME)";
				SDKROOT = iphoneos;
				SWIFT_EMIT_LOC_STRINGS = NO;
				SWIFT_OBJC_BRIDGING_HEADER = "AntiqueMasterTests/AntiqueMasterTests-Bridging-Header.h";
				SWIFT_VERSION = 5.0;
				TARGETED_DEVICE_FAMILY = "1,2";
				TEST_HOST = "$(BUILT_PRODUCTS_DIR)/AntiqueMaster.app/$(BUNDLE_EXECUTABLE_FOLDER_PATH)/AntiqueMaster";
				VALIDATE_PRODUCT = YES;
			};
			name = Release;
		};
		1864423B2CC3E6AE00C0CDB5 /* Debug */ = {
			isa = XCBuildConfiguration;
			buildSettings = {
				ASSETCATALOG_COMPILER_APPICON_NAME = AppIcon;
				ASSETCATALOG_COMPILER_GLOBAL_ACCENT_COLOR_NAME = AccentColor;
				CODE_SIGN_STYLE = Automatic;
				CURRENT_PROJECT_VERSION = 1;
				DEVELOPMENT_TEAM = TS7638N9FK;
				GENERATE_INFOPLIST_FILE = YES;
				INFOPLIST_KEY_CFBundleDisplayName = "古董的欺詐";
				INFOPLIST_KEY_LSApplicationCategoryType = "public.app-category.board-games";
				INFOPLIST_KEY_UIApplicationSupportsIndirectInputEvents = YES;
				INFOPLIST_KEY_UILaunchStoryboardName = LaunchScreen;
				INFOPLIST_KEY_UIMainStoryboardFile = Main;
				INFOPLIST_KEY_UIStatusBarHidden = YES;
				INFOPLIST_KEY_UISupportedInterfaceOrientations_iPad = "UIInterfaceOrientationPortrait UIInterfaceOrientationPortraitUpsideDown UIInterfaceOrientationLandscapeLeft UIInterfaceOrientationLandscapeRight";
				INFOPLIST_KEY_UISupportedInterfaceOrientations_iPhone = "UIInterfaceOrientationPortrait UIInterfaceOrientationLandscapeLeft UIInterfaceOrientationLandscapeRight";
				IPHONEOS_DEPLOYMENT_TARGET = 16.6;
				LD_RUNPATH_SEARCH_PATHS = (
					"$(inherited)",
					"@executable_path/Frameworks",
				);
				MARKETING_VERSION = 1.0;
				PRODUCT_BUNDLE_IDENTIFIER = com.hurricanesoft.AntiqueMaster;
				PRODUCT_NAME = AntiqueMaster;
				SDKROOT = iphoneos;
				SUPPORTED_PLATFORMS = "iphoneos iphonesimulator";
				SUPPORTS_MACCATALYST = NO;
				SUPPORTS_MAC_DESIGNED_FOR_IPHONE_IPAD = NO;
				SUPPORTS_XR_DESIGNED_FOR_IPHONE_IPAD = NO;
				SWIFT_EMIT_LOC_STRINGS = YES;
				SWIFT_VERSION = 5.0;
				TARGETED_DEVICE_FAMILY = "1,2";
			};
			name = Debug;
		};
		1864423C2CC3E6AE00C0CDB5 /* Release */ = {
			isa = XCBuildConfiguration;
			buildSettings = {
				ASSETCATALOG_COMPILER_APPICON_NAME = AppIcon;
				ASSETCATALOG_COMPILER_GLOBAL_ACCENT_COLOR_NAME = AccentColor;
				CODE_SIGN_STYLE = Automatic;
				CURRENT_PROJECT_VERSION = 1;
				DEVELOPMENT_TEAM = TS7638N9FK;
				GENERATE_INFOPLIST_FILE = YES;
				INFOPLIST_KEY_CFBundleDisplayName = "古董的欺詐";
				INFOPLIST_KEY_LSApplicationCategoryType = "public.app-category.board-games";
				INFOPLIST_KEY_UIApplicationSupportsIndirectInputEvents = YES;
				INFOPLIST_KEY_UILaunchStoryboardName = LaunchScreen;
				INFOPLIST_KEY_UIMainStoryboardFile = Main;
				INFOPLIST_KEY_UIStatusBarHidden = YES;
				INFOPLIST_KEY_UISupportedInterfaceOrientations_iPad = "UIInterfaceOrientationPortrait UIInterfaceOrientationPortraitUpsideDown UIInterfaceOrientationLandscapeLeft UIInterfaceOrientationLandscapeRight";
				INFOPLIST_KEY_UISupportedInterfaceOrientations_iPhone = "UIInterfaceOrientationPortrait UIInterfaceOrientationLandscapeLeft UIInterfaceOrientationLandscapeRight";
				IPHONEOS_DEPLOYMENT_TARGET = 16.6;
				LD_RUNPATH_SEARCH_PATHS = (
					"$(inherited)",
					"@executable_path/Frameworks",
				);
				MARKETING_VERSION = 1.0;
				PRODUCT_BUNDLE_IDENTIFIER = com.hurricanesoft.AntiqueMaster;
				PRODUCT_NAME = AntiqueMaster;
				SDKROOT = iphoneos;
				SUPPORTED_PLATFORMS = "iphoneos iphonesimulator";
				SUPPORTS_MACCATALYST = NO;
				SUPPORTS_MAC_DESIGNED_FOR_IPHONE_IPAD = NO;
				SUPPORTS_XR_DESIGNED_FOR_IPHONE_IPAD = NO;
				SWIFT_EMIT_LOC_STRINGS = YES;
				SWIFT_VERSION = 5.0;
				TARGETED_DEVICE_FAMILY = "1,2";
				VALIDATE_PRODUCT = YES;
			};
			name = Release;
		};
		186442412CC3E6AE00C0CDB5 /* Debug */ = {
			isa = XCBuildConfiguration;
			buildSettings = {
				ALWAYS_SEARCH_USER_PATHS = NO;
				ASSETCATALOG_COMPILER_GENERATE_SWIFT_ASSET_SYMBOL_EXTENSIONS = YES;
				CLANG_ANALYZER_NONNULL = YES;
				CLANG_ANALYZER_NUMBER_OBJECT_CONVERSION = YES_AGGRESSIVE;
				CLANG_CXX_LANGUAGE_STANDARD = "gnu++20";
				CLANG_ENABLE_MODULES = YES;
				CLANG_ENABLE_OBJC_ARC = YES;
				CLANG_ENABLE_OBJC_WEAK = YES;
				CLANG_WARN_BLOCK_CAPTURE_AUTORELEASING = YES;
				CLANG_WARN_BOOL_CONVERSION = YES;
				CLANG_WARN_COMMA = YES;
				CLANG_WARN_CONSTANT_CONVERSION = YES;
				CLANG_WARN_DEPRECATED_OBJC_IMPLEMENTATIONS = YES;
				CLANG_WARN_DIRECT_OBJC_ISA_USAGE = YES_ERROR;
				CLANG_WARN_DOCUMENTATION_COMMENTS = YES;
				CLANG_WARN_EMPTY_BODY = YES;
				CLANG_WARN_ENUM_CONVERSION = YES;
				CLANG_WARN_INFINITE_RECURSION = YES;
				CLANG_WARN_INT_CONVERSION = YES;
				CLANG_WARN_NON_LITERAL_NULL_CONVERSION = YES;
				CLANG_WARN_OBJC_IMPLICIT_RETAIN_SELF = YES;
				CLANG_WARN_OBJC_LITERAL_CONVERSION = YES;
				CLANG_WARN_OBJC_ROOT_CLASS = YES_ERROR;
				CLANG_WARN_QUOTED_INCLUDE_IN_FRAMEWORK_HEADER = YES;
				CLANG_WARN_RANGE_LOOP_ANALYSIS = YES;
				CLANG_WARN_STRICT_PROTOTYPES = YES;
				CLANG_WARN_SUSPICIOUS_MOVE = YES;
				CLANG_WARN_UNGUARDED_AVAILABILITY = YES_AGGRESSIVE;
				CLANG_WARN_UNREACHABLE_CODE = YES;
				CLANG_WARN__DUPLICATE_METHOD_MATCH = YES;
				COPY_PHASE_STRIP = NO;
				DEBUG_INFORMATION_FORMAT = dwarf;
				ENABLE_STRICT_OBJC_MSGSEND = YES;
				ENABLE_TESTABILITY = YES;
				ENABLE_USER_SCRIPT_SANDBOXING = YES;
				GCC_C_LANGUAGE_STANDARD = gnu17;
				GCC_DYNAMIC_NO_PIC = NO;
				GCC_NO_COMMON_BLOCKS = YES;
				GCC_OPTIMIZATION_LEVEL = 0;
				GCC_PREPROCESSOR_DEFINITIONS = (
					"DEBUG=1",
					"$(inherited)",
				);
				GCC_WARN_64_TO_32_BIT_CONVERSION = YES;
				GCC_WARN_ABOUT_RETURN_TYPE = YES_ERROR;
				GCC_WARN_UNDECLARED_SELECTOR = YES;
				GCC_WARN_UNINITIALIZED_AUTOS = YES_AGGRESSIVE;
				GCC_WARN_UNUSED_FUNCTION = YES;
				GCC_WARN_UNUSED_VARIABLE = YES;
				LOCALIZATION_PREFERS_STRING_CATALOGS = YES;
				MTL_ENABLE_DEBUG_INFO = INCLUDE_SOURCE;
				MTL_FAST_MATH = YES;
				ONLY_ACTIVE_ARCH = YES;
				SWIFT_ACTIVE_COMPILATION_CONDITIONS = "DEBUG $(inherited)";
				SWIFT_OPTIMIZATION_LEVEL = "-Onone";
			};
			name = Debug;
		};
		186442422CC3E6AE00C0CDB5 /* Release */ = {
			isa = XCBuildConfiguration;
			buildSettings = {
				ALWAYS_SEARCH_USER_PATHS = NO;
				ASSETCATALOG_COMPILER_GENERATE_SWIFT_ASSET_SYMBOL_EXTENSIONS = YES;
				CLANG_ANALYZER_NONNULL = YES;
				CLANG_ANALYZER_NUMBER_OBJECT_CONVERSION = YES_AGGRESSIVE;
				CLANG_CXX_LANGUAGE_STANDARD = "gnu++20";
				CLANG_ENABLE_MODULES = YES;
				CLANG_ENABLE_OBJC_ARC = YES;
				CLANG_ENABLE_OBJC_WEAK = YES;
				CLANG_WARN_BLOCK_CAPTURE_AUTORELEASING = YES;
				CLANG_WARN_BOOL_CONVERSION = YES;
				CLANG_WARN_COMMA = YES;
				CLANG_WARN_CONSTANT_CONVERSION = YES;
				CLANG_WARN_DEPRECATED_OBJC_IMPLEMENTATIONS = YES;
				CLANG_WARN_DIRECT_OBJC_ISA_USAGE = YES_ERROR;
				CLANG_WARN_DOCUMENTATION_COMMENTS = YES;
				CLANG_WARN_EMPTY_BODY = YES;
				CLANG_WARN_ENUM_CONVERSION = YES;
				CLANG_WARN_INFINITE_RECURSION = YES;
				CLANG_WARN_INT_CONVERSION = YES;
				CLANG_WARN_NON_LITERAL_NULL_CONVERSION = YES;
				CLANG_WARN_OBJC_IMPLICIT_RETAIN_SELF = YES;
				CLANG_WARN_OBJC_LITERAL_CONVERSION = YES;
				CLANG_WARN_OBJC_ROOT_CLASS = YES_ERROR;
				CLANG_WARN_QUOTED_INCLUDE_IN_FRAMEWORK_HEADER = YES;
				CLANG_WARN_RANGE_LOOP_ANALYSIS = YES;
				CLANG_WARN_STRICT_PROTOTYPES = YES;
				CLANG_WARN_SUSPICIOUS_MOVE = YES;
				CLANG_WARN_UNGUARDED_AVAILABILITY = YES_AGGRESSIVE;
				CLANG_WARN_UNREACHABLE_CODE = YES;
				CLANG_WARN__DUPLICATE_METHOD_MATCH = YES;
				COPY_PHASE_STRIP = NO;
				DEBUG_INFORMATION_FORMAT = "dwarf-with-dsym";
				ENABLE_NS_ASSERTIONS = NO;
				ENABLE_STRICT_OBJC_MSGSEND = YES;
				ENABLE_USER_SCRIPT_SANDBOXING = YES;
				GCC_C_LANGUAGE_STANDARD = gnu17;
				GCC_NO_COMMON_BLOCKS = YES;
				GCC_WARN_64_TO_32_BIT_CONVERSION = YES;
				GCC_WARN_ABOUT_RETURN_TYPE = YES_ERROR;
				GCC_WARN_UNDECLARED_SELECTOR = YES;
				GCC_WARN_UNINITIALIZED_AUTOS = YES_AGGRESSIVE;
				GCC_WARN_UNUSED_FUNCTION = YES;
				GCC_WARN_UNUSED_VARIABLE = YES;
				LOCALIZATION_PREFERS_STRING_CATALOGS = YES;
				MTL_ENABLE_DEBUG_INFO = NO;
				MTL_FAST_MATH = YES;
				SWIFT_COMPILATION_MODE = wholemodule;
			};
			name = Release;
		};
/* End XCBuildConfiguration section */

/* Begin XCConfigurationList section */
		180D5E522CE072E900845202 /* Build configuration list for PBXNativeTarget "UITest" */ = {
			isa = XCConfigurationList;
			buildConfigurations = (
				180D5E532CE072E900845202 /* Debug */,
				180D5E542CE072E900845202 /* Release */,
			);
			defaultConfigurationIsVisible = 0;
			defaultConfigurationName = Release;
		};
		180D5E5F2CE072FB00845202 /* Build configuration list for PBXNativeTarget "UnitTest" */ = {
			isa = XCConfigurationList;
			buildConfigurations = (
				180D5E602CE072FB00845202 /* Debug */,
				180D5E612CE072FB00845202 /* Release */,
			);
			defaultConfigurationIsVisible = 0;
			defaultConfigurationName = Release;
		};
		1830EA182CE02FF600B176E3 /* Build configuration list for PBXNativeTarget "AntiqueMasterTests" */ = {
			isa = XCConfigurationList;
			buildConfigurations = (
				1830EA192CE02FF600B176E3 /* Debug */,
				1830EA1A2CE02FF600B176E3 /* Release */,
			);
			defaultConfigurationIsVisible = 0;
			defaultConfigurationName = Release;
		};
		1864420C2CC3E6AC00C0CDB5 /* Build configuration list for PBXProject "AntiqueMaster" */ = {
			isa = XCConfigurationList;
			buildConfigurations = (
				186442412CC3E6AE00C0CDB5 /* Debug */,
				186442422CC3E6AE00C0CDB5 /* Release */,
			);
			defaultConfigurationIsVisible = 0;
			defaultConfigurationName = Release;
		};
		1864423A2CC3E6AE00C0CDB5 /* Build configuration list for PBXNativeTarget "AntiqueMaster iOS" */ = {
			isa = XCConfigurationList;
			buildConfigurations = (
				1864423B2CC3E6AE00C0CDB5 /* Debug */,
				1864423C2CC3E6AE00C0CDB5 /* Release */,
			);
			defaultConfigurationIsVisible = 0;
			defaultConfigurationName = Release;
		};
/* End XCConfigurationList section */
	};
	rootObject = 186442092CC3E6AC00C0CDB5 /* Project object */;
}
